
Microsoft Visual Studio Solution File, Format Version 11.00
# Visual Studio 2010
Project("{FAE04EC0-301F-11D3-BF4B-00C04F79EFBC}") = "Assembly-CSharp", "Assembly-CSharp.csproj", "{1e8b01c6-9130-a264-f808-7c62099c639f}"
EndProject
Project("{FAE04EC0-301F-11D3-BF4B-00C04F79EFBC}") = "Assembly-CSharp-Editor", "Assembly-CSharp-Editor.csproj", "{9faa0b10-58fd-b95b-84f5-13a150c4443e}"
EndProject
Global
	GlobalSection(SolutionConfigurationPlatforms) = preSolution
		Debug|Any CPU = Debug|Any CPU
	EndGlobalSection
	GlobalSection(ProjectConfigurationPlatforms) = postSolution
		{1e8b01c6-9130-a264-f808-7c62099c639f}.Debug|Any CPU.ActiveCfg = Debug|Any CPU
		{1e8b01c6-9130-a264-f808-7c62099c639f}.Debug|Any CPU.Build.0 = Debug|Any CPU
		{9faa0b10-58fd-b95b-84f5-13a150c4443e}.Debug|Any CPU.ActiveCfg = Debug|Any CPU
		{9faa0b10-58fd-b95b-84f5-13a150c4443e}.Debug|Any CPU.Build.0 = Debug|Any CPU
	EndGlobalSection
	GlobalSection(SolutionProperties) = preSolution
		HideSolutionNode = FALSE
	EndGlobalSection
EndGlobal
